
Microsoft Visual Studio Solution File, Format Version 12.00
# Visual Studio 15
VisualStudioVersion = 15.0.26730.12
MinimumVisualStudioVersion = 10.0.40219.1
Project("{9A19103F-16F7-4668-BE54-9A1E7A4F7556}") = "SeeJit.Core", "SeeJit.Core\SeeJit.Core.csproj", "{7C05AE6A-FBA5-4E6D-8F2E-97590D16994E}"
EndProject
Project("{2150E333-8FDC-42A3-9474-1A3956D46DE8}") = "src", "src", "{812A5213-D40E-4155-9CE7-525634925A63}"
EndProject
Project("{2150E333-8FDC-42A3-9474-1A3956D46DE8}") = "tests", "tests", "{B402C577-01BD-41EF-B204-67F47AB15ACB}"
EndProject
Project("{9A19103F-16F7-4668-BE54-9A1E7A4F7556}") = "SeeJit.Core.Tests", "SeeJit.Core.Tests\SeeJit.Core.Tests.csproj", "{C8632330-C08F-4FF6-801B-E892411F9F6A}"
EndProject
Project("{9A19103F-16F7-4668-BE54-9A1E7A4F7556}") = "SeeJit", "SeeJit\SeeJit.csproj", "{3EFE7C18-8B8B-4C61-9CE5-18F828412502}"
EndProject
Global
	GlobalSection(SolutionConfigurationPlatforms) = preSolution
		Debug|Any CPU = Debug|Any CPU
		Release|Any CPU = Release|Any CPU
	EndGlobalSection
	GlobalSection(ProjectConfigurationPlatforms) = postSolution
		{7C05AE6A-FBA5-4E6D-8F2E-97590D16994E}.Debug|Any CPU.ActiveCfg = Debug|Any CPU
		{7C05AE6A-FBA5-4E6D-8F2E-97590D16994E}.Debug|Any CPU.Build.0 = Debug|Any CPU
		{7C05AE6A-FBA5-4E6D-8F2E-97590D16994E}.Release|Any CPU.ActiveCfg = Release|Any CPU
		{7C05AE6A-FBA5-4E6D-8F2E-97590D16994E}.Release|Any CPU.Build.0 = Release|Any CPU
		{C8632330-C08F-4FF6-801B-E892411F9F6A}.Debug|Any CPU.ActiveCfg = Debug|Any CPU
		{C8632330-C08F-4FF6-801B-E892411F9F6A}.Debug|Any CPU.Build.0 = Debug|Any CPU
		{C8632330-C08F-4FF6-801B-E892411F9F6A}.Release|Any CPU.ActiveCfg = Release|Any CPU
		{C8632330-C08F-4FF6-801B-E892411F9F6A}.Release|Any CPU.Build.0 = Release|Any CPU
		{3EFE7C18-8B8B-4C61-9CE5-18F828412502}.Debug|Any CPU.ActiveCfg = Debug|Any CPU
		{3EFE7C18-8B8B-4C61-9CE5-18F828412502}.Debug|Any CPU.Build.0 = Debug|Any CPU
		{3EFE7C18-8B8B-4C61-9CE5-18F828412502}.Release|Any CPU.ActiveCfg = Release|Any CPU
		{3EFE7C18-8B8B-4C61-9CE5-18F828412502}.Release|Any CPU.Build.0 = Release|Any CPU
	EndGlobalSection
	GlobalSection(SolutionProperties) = preSolution
		HideSolutionNode = FALSE
	EndGlobalSection
	GlobalSection(NestedProjects) = preSolution
		{7C05AE6A-FBA5-4E6D-8F2E-97590D16994E} = {812A5213-D40E-4155-9CE7-525634925A63}
		{C8632330-C08F-4FF6-801B-E892411F9F6A} = {B402C577-01BD-41EF-B204-67F47AB15ACB}
		{3EFE7C18-8B8B-4C61-9CE5-18F828412502} = {812A5213-D40E-4155-9CE7-525634925A63}
	EndGlobalSection
	GlobalSection(ExtensibilityGlobals) = postSolution
		SolutionGuid = {02092F6C-6C35-4B4A-966C-58867C92802A}
	EndGlobalSection
EndGlobal
